
Microsoft Visual Studio Solution File, Format Version 12.00
# Visual Studio Version 16
VisualStudioVersion = 16.0.30517.126
MinimumVisualStudioVersion = 10.0.40219.1
Project("{2150E333-8FDC-42A3-9474-1A3956D46DE8}") = "1-PrimeirosPassos", "1-PrimeirosPassos", "{660B0591-EEF8-4AD1-A06D-BCA5902FF641}"
EndProject
Project("{FAE04EC0-301F-11D3-BF4B-00C04F79EFBC}") = "1-PrimeiroProjeto", "1-PrimeiroProjeto\1-PrimeiroProjeto.csproj", "{4B004676-6D4B-4175-A092-291A28841A67}"
EndProject
Project("{FAE04EC0-301F-11D3-BF4B-00C04F79EFBC}") = "2-CriandoVariáveis", "2-CriandoVariáveis\2-CriandoVariáveis.csproj", "{506FB5F5-99A8-4504-9169-E3FDEB4FC6BD}"
EndProject
Project("{FAE04EC0-301F-11D3-BF4B-00C04F79EFBC}") = "3-CriandoVariaveisPontoFlutuante", "3-CriandoVariaveisPontoFlutuante\3-CriandoVariaveisPontoFlutuante.csproj", "{A8B6ADFF-739E-499C-99C0-683319D8762B}"
EndProject
Project("{FAE04EC0-301F-11D3-BF4B-00C04F79EFBC}") = "4-ConversoesEOutrosTiposNumericos", "4-ConversoesEOutrosTiposNumericos\4-ConversoesEOutrosTiposNumericos.csproj", "{149CD525-7868-4A93-B580-5021F5777910}"
EndProject
Project("{FAE04EC0-301F-11D3-BF4B-00C04F79EFBC}") = "5-CaracteresETextos", "5-CaracteresETextos\5-CaracteresETextos.csproj", "{588B58B4-1A79-4FD9-B262-CA87A50ECCE2}"
EndProject
Project("{FAE04EC0-301F-11D3-BF4B-00C04F79EFBC}") = "6-AtribuicoesDeVariaveis", "6-AtribuicoesDeVariaveis\6-AtribuicoesDeVariaveis.csproj", "{EFE4835B-24D9-4D5F-A4E1-CC7E54797A60}"
EndProject
Project("{FAE04EC0-301F-11D3-BF4B-00C04F79EFBC}") = "7-Condicionais", "7-Condicionais\7-Condicionais.csproj", "{2B820141-E459-4A87-B26D-6EA770851F77}"
EndProject
Project("{FAE04EC0-301F-11D3-BF4B-00C04F79EFBC}") = "8-Condicionais2", "8-Condicionais2\8-Condicionais2.csproj", "{F0AEB8C9-DF19-415E-BEDC-753D706DECD0}"
EndProject
Project("{FAE04EC0-301F-11D3-BF4B-00C04F79EFBC}") = "9-Escopo", "9-Escopo\9-Escopo.csproj", "{F59BB008-82CE-45E7-BFDA-A85243271C95}"
EndProject
Project("{FAE04EC0-301F-11D3-BF4B-00C04F79EFBC}") = "E1-AliquotaComIfs", "AliquotaComIfs\E1-AliquotaComIfs.csproj", "{CFA9A5BC-BC68-4B07-95CC-504170FB6924}"
EndProject
Project("{FAE04EC0-301F-11D3-BF4B-00C04F79EFBC}") = "P10-CalculadoraPoupanca", "P10-CalculadoraPoupanca\P10-CalculadoraPoupanca.csproj", "{188C08A1-58A9-4C93-A350-24301EDC658B}"
EndProject
Project("{FAE04EC0-301F-11D3-BF4B-00C04F79EFBC}") = "P11-CalculaPoupanca2", "P11-CalculaPoupanca2\P11-CalculaPoupanca2.csproj", "{5AA5450B-2BF4-4532-82F7-892F24C5EAA1}"
EndProject
Project("{FAE04EC0-301F-11D3-BF4B-00C04F79EFBC}") = "P12-CalculandoInvestimentoLongoPrazo", "P12-CalculandoInvestimentoLongoPrazo\P12-CalculandoInvestimentoLongoPrazo.csproj", "{E4F4108E-5E90-4DFC-9936-10A234C9360D}"
EndProject
Project("{FAE04EC0-301F-11D3-BF4B-00C04F79EFBC}") = "E2-TransformandoWhileEmFor", "E2-TransformandoWhileEmFor\E2-TransformandoWhileEmFor.csproj", "{970CE06B-2505-4923-94C9-AA98C02B5FA3}"
EndProject
Project("{FAE04EC0-301F-11D3-BF4B-00C04F79EFBC}") = "E3-LacosAninhadoBreak", "E3-LacosAninhadoBreak\E3-LacosAninhadoBreak.csproj", "{135CFE5B-F377-49D1-AB8D-E005F92AF852}"
EndProject
Project("{FAE04EC0-301F-11D3-BF4B-00C04F79EFBC}") = "E4-MultiplosDeTres", "E4-MultiplosDeTres\E4-MultiplosDeTres.csproj", "{45871B6D-1D81-4925-8EA1-82E157759CCF}"
EndProject
Project("{FAE04EC0-301F-11D3-BF4B-00C04F79EFBC}") = "E5-Fatorial", "E5-Fatorial\E5-Fatorial.csproj", "{69ECFA78-8592-42D3-80DC-9805E33A3DCE}"
EndProject
Project("{FAE04EC0-301F-11D3-BF4B-00C04F79EFBC}") = "P13-LacoDeRepeticaoFor3", "P13-LacoDeRepeticaoFor3\P13-LacoDeRepeticaoFor3.csproj", "{9FC5E06D-2152-4E78-802E-7CDC5F3793D1}"
EndProject
Project("{2150E333-8FDC-42A3-9474-1A3956D46DE8}") = "2-IntroducaoOrientacaoObjetos", "2-IntroducaoOrientacaoObjetos", "{DA81E029-0966-4E3C-86C9-99901C04191C}"
EndProject
Project("{FAE04EC0-301F-11D3-BF4B-00C04F79EFBC}") = "01-ByteBank", "01-ByteBank\01-ByteBank.csproj", "{433E2679-50BE-4267-9EDD-56FF0C09E9B2}"
EndProject
Project("{FAE04EC0-301F-11D3-BF4B-00C04F79EFBC}") = "02-ByteBank", "02-ByteBank\02-ByteBank.csproj", "{5BB7A2B8-00D1-4652-AEFF-640F711F374B}"
EndProject
Project("{FAE04EC0-301F-11D3-BF4B-00C04F79EFBC}") = "03-ByteBank", "03-ByteBank\03-ByteBank.csproj", "{4ED64420-4FD0-445B-8F2F-379228D00437}"
EndProject
Project("{FAE04EC0-301F-11D3-BF4B-00C04F79EFBC}") = "04-ByteBank", "04-ByteBank\04-ByteBank.csproj", "{B02A855D-B4A2-41CE-BC25-725742E69397}"
EndProject
Project("{9A19103F-16F7-4668-BE54-9A1E7A4F7556}") = "05-ByteBank", "05-ByteBank\05-ByteBank.csproj", "{54333E60-D17E-4B40-9870-10836753BA1D}"
EndProject
Project("{FAE04EC0-301F-11D3-BF4B-00C04F79EFBC}") = "06-ByteBank", "06-ByteBank\06-ByteBank.csproj", "{05D01065-1A18-408F-B87A-643F23C86591}"
EndProject
Global
	GlobalSection(SolutionConfigurationPlatforms) = preSolution
		Debug|Any CPU = Debug|Any CPU
		Release|Any CPU = Release|Any CPU
	EndGlobalSection
	GlobalSection(ProjectConfigurationPlatforms) = postSolution
		{4B004676-6D4B-4175-A092-291A28841A67}.Debug|Any CPU.ActiveCfg = Debug|Any CPU
		{4B004676-6D4B-4175-A092-291A28841A67}.Debug|Any CPU.Build.0 = Debug|Any CPU
		{4B004676-6D4B-4175-A092-291A28841A67}.Release|Any CPU.ActiveCfg = Release|Any CPU
		{4B004676-6D4B-4175-A092-291A28841A67}.Release|Any CPU.Build.0 = Release|Any CPU
		{506FB5F5-99A8-4504-9169-E3FDEB4FC6BD}.Debug|Any CPU.ActiveCfg = Debug|Any CPU
		{506FB5F5-99A8-4504-9169-E3FDEB4FC6BD}.Debug|Any CPU.Build.0 = Debug|Any CPU
		{506FB5F5-99A8-4504-9169-E3FDEB4FC6BD}.Release|Any CPU.ActiveCfg = Release|Any CPU
		{506FB5F5-99A8-4504-9169-E3FDEB4FC6BD}.Release|Any CPU.Build.0 = Release|Any CPU
		{A8B6ADFF-739E-499C-99C0-683319D8762B}.Debug|Any CPU.ActiveCfg = Debug|Any CPU
		{A8B6ADFF-739E-499C-99C0-683319D8762B}.Debug|Any CPU.Build.0 = Debug|Any CPU
		{A8B6ADFF-739E-499C-99C0-683319D8762B}.Release|Any CPU.ActiveCfg = Release|Any CPU
		{A8B6ADFF-739E-499C-99C0-683319D8762B}.Release|Any CPU.Build.0 = Release|Any CPU
		{149CD525-7868-4A93-B580-5021F5777910}.Debug|Any CPU.ActiveCfg = Debug|Any CPU
		{149CD525-7868-4A93-B580-5021F5777910}.Debug|Any CPU.Build.0 = Debug|Any CPU
		{149CD525-7868-4A93-B580-5021F5777910}.Release|Any CPU.ActiveCfg = Release|Any CPU
		{149CD525-7868-4A93-B580-5021F5777910}.Release|Any CPU.Build.0 = Release|Any CPU
		{588B58B4-1A79-4FD9-B262-CA87A50ECCE2}.Debug|Any CPU.ActiveCfg = Debug|Any CPU
		{588B58B4-1A79-4FD9-B262-CA87A50ECCE2}.Debug|Any CPU.Build.0 = Debug|Any CPU
		{588B58B4-1A79-4FD9-B262-CA87A50ECCE2}.Release|Any CPU.ActiveCfg = Release|Any CPU
		{588B58B4-1A79-4FD9-B262-CA87A50ECCE2}.Release|Any CPU.Build.0 = Release|Any CPU
		{EFE4835B-24D9-4D5F-A4E1-CC7E54797A60}.Debug|Any CPU.ActiveCfg = Debug|Any CPU
		{EFE4835B-24D9-4D5F-A4E1-CC7E54797A60}.Debug|Any CPU.Build.0 = Debug|Any CPU
		{EFE4835B-24D9-4D5F-A4E1-CC7E54797A60}.Release|Any CPU.ActiveCfg = Release|Any CPU
		{EFE4835B-24D9-4D5F-A4E1-CC7E54797A60}.Release|Any CPU.Build.0 = Release|Any CPU
		{2B820141-E459-4A87-B26D-6EA770851F77}.Debug|Any CPU.ActiveCfg = Debug|Any CPU
		{2B820141-E459-4A87-B26D-6EA770851F77}.Debug|Any CPU.Build.0 = Debug|Any CPU
		{2B820141-E459-4A87-B26D-6EA770851F77}.Release|Any CPU.ActiveCfg = Release|Any CPU
		{2B820141-E459-4A87-B26D-6EA770851F77}.Release|Any CPU.Build.0 = Release|Any CPU
		{F0AEB8C9-DF19-415E-BEDC-753D706DECD0}.Debug|Any CPU.ActiveCfg = Debug|Any CPU
		{F0AEB8C9-DF19-415E-BEDC-753D706DECD0}.Debug|Any CPU.Build.0 = Debug|Any CPU
		{F0AEB8C9-DF19-415E-BEDC-753D706DECD0}.Release|Any CPU.ActiveCfg = Release|Any CPU
		{F0AEB8C9-DF19-415E-BEDC-753D706DECD0}.Release|Any CPU.Build.0 = Release|Any CPU
		{F59BB008-82CE-45E7-BFDA-A85243271C95}.Debug|Any CPU.ActiveCfg = Debug|Any CPU
		{F59BB008-82CE-45E7-BFDA-A85243271C95}.Debug|Any CPU.Build.0 = Debug|Any CPU
		{F59BB008-82CE-45E7-BFDA-A85243271C95}.Release|Any CPU.ActiveCfg = Release|Any CPU
		{F59BB008-82CE-45E7-BFDA-A85243271C95}.Release|Any CPU.Build.0 = Release|Any CPU
		{CFA9A5BC-BC68-4B07-95CC-504170FB6924}.Debug|Any CPU.ActiveCfg = Debug|Any CPU
		{CFA9A5BC-BC68-4B07-95CC-504170FB6924}.Debug|Any CPU.Build.0 = Debug|Any CPU
		{CFA9A5BC-BC68-4B07-95CC-504170FB6924}.Release|Any CPU.ActiveCfg = Release|Any CPU
		{CFA9A5BC-BC68-4B07-95CC-504170FB6924}.Release|Any CPU.Build.0 = Release|Any CPU
		{188C08A1-58A9-4C93-A350-24301EDC658B}.Debug|Any CPU.ActiveCfg = Debug|Any CPU
		{188C08A1-58A9-4C93-A350-24301EDC658B}.Debug|Any CPU.Build.0 = Debug|Any CPU
		{188C08A1-58A9-4C93-A350-24301EDC658B}.Release|Any CPU.ActiveCfg = Release|Any CPU
		{188C08A1-58A9-4C93-A350-24301EDC658B}.Release|Any CPU.Build.0 = Release|Any CPU
		{5AA5450B-2BF4-4532-82F7-892F24C5EAA1}.Debug|Any CPU.ActiveCfg = Debug|Any CPU
		{5AA5450B-2BF4-4532-82F7-892F24C5EAA1}.Debug|Any CPU.Build.0 = Debug|Any CPU
		{5AA5450B-2BF4-4532-82F7-892F24C5EAA1}.Release|Any CPU.ActiveCfg = Release|Any CPU
		{5AA5450B-2BF4-4532-82F7-892F24C5EAA1}.Release|Any CPU.Build.0 = Release|Any CPU
		{E4F4108E-5E90-4DFC-9936-10A234C9360D}.Debug|Any CPU.ActiveCfg = Debug|Any CPU
		{E4F4108E-5E90-4DFC-9936-10A234C9360D}.Debug|Any CPU.Build.0 = Debug|Any CPU
		{E4F4108E-5E90-4DFC-9936-10A234C9360D}.Release|Any CPU.ActiveCfg = Release|Any CPU
		{E4F4108E-5E90-4DFC-9936-10A234C9360D}.Release|Any CPU.Build.0 = Release|Any CPU
		{970CE06B-2505-4923-94C9-AA98C02B5FA3}.Debug|Any CPU.ActiveCfg = Debug|Any CPU
		{970CE06B-2505-4923-94C9-AA98C02B5FA3}.Debug|Any CPU.Build.0 = Debug|Any CPU
		{970CE06B-2505-4923-94C9-AA98C02B5FA3}.Release|Any CPU.ActiveCfg = Release|Any CPU
		{970CE06B-2505-4923-94C9-AA98C02B5FA3}.Release|Any CPU.Build.0 = Release|Any CPU
		{135CFE5B-F377-49D1-AB8D-E005F92AF852}.Debug|Any CPU.ActiveCfg = Debug|Any CPU
		{135CFE5B-F377-49D1-AB8D-E005F92AF852}.Debug|Any CPU.Build.0 = Debug|Any CPU
		{135CFE5B-F377-49D1-AB8D-E005F92AF852}.Release|Any CPU.ActiveCfg = Release|Any CPU
		{135CFE5B-F377-49D1-AB8D-E005F92AF852}.Release|Any CPU.Build.0 = Release|Any CPU
		{45871B6D-1D81-4925-8EA1-82E157759CCF}.Debug|Any CPU.ActiveCfg = Debug|Any CPU
		{45871B6D-1D81-4925-8EA1-82E157759CCF}.Debug|Any CPU.Build.0 = Debug|Any CPU
		{45871B6D-1D81-4925-8EA1-82E157759CCF}.Release|Any CPU.ActiveCfg = Release|Any CPU
		{45871B6D-1D81-4925-8EA1-82E157759CCF}.Release|Any CPU.Build.0 = Release|Any CPU
		{69ECFA78-8592-42D3-80DC-9805E33A3DCE}.Debug|Any CPU.ActiveCfg = Debug|Any CPU
		{69ECFA78-8592-42D3-80DC-9805E33A3DCE}.Debug|Any CPU.Build.0 = Debug|Any CPU
		{69ECFA78-8592-42D3-80DC-9805E33A3DCE}.Release|Any CPU.ActiveCfg = Release|Any CPU
		{69ECFA78-8592-42D3-80DC-9805E33A3DCE}.Release|Any CPU.Build.0 = Release|Any CPU
		{9FC5E06D-2152-4E78-802E-7CDC5F3793D1}.Debug|Any CPU.ActiveCfg = Debug|Any CPU
		{9FC5E06D-2152-4E78-802E-7CDC5F3793D1}.Debug|Any CPU.Build.0 = Debug|Any CPU
		{9FC5E06D-2152-4E78-802E-7CDC5F3793D1}.Release|Any CPU.ActiveCfg = Release|Any CPU
		{9FC5E06D-2152-4E78-802E-7CDC5F3793D1}.Release|Any CPU.Build.0 = Release|Any CPU
		{433E2679-50BE-4267-9EDD-56FF0C09E9B2}.Debug|Any CPU.ActiveCfg = Debug|Any CPU
		{433E2679-50BE-4267-9EDD-56FF0C09E9B2}.Debug|Any CPU.Build.0 = Debug|Any CPU
		{433E2679-50BE-4267-9EDD-56FF0C09E9B2}.Release|Any CPU.ActiveCfg = Release|Any CPU
		{433E2679-50BE-4267-9EDD-56FF0C09E9B2}.Release|Any CPU.Build.0 = Release|Any CPU
		{5BB7A2B8-00D1-4652-AEFF-640F711F374B}.Debug|Any CPU.ActiveCfg = Debug|Any CPU
		{5BB7A2B8-00D1-4652-AEFF-640F711F374B}.Debug|Any CPU.Build.0 = Debug|Any CPU
		{5BB7A2B8-00D1-4652-AEFF-640F711F374B}.Release|Any CPU.ActiveCfg = Release|Any CPU
		{5BB7A2B8-00D1-4652-AEFF-640F711F374B}.Release|Any CPU.Build.0 = Release|Any CPU
		{4ED64420-4FD0-445B-8F2F-379228D00437}.Debug|Any CPU.ActiveCfg = Debug|Any CPU
		{4ED64420-4FD0-445B-8F2F-379228D00437}.Debug|Any CPU.Build.0 = Debug|Any CPU
		{4ED64420-4FD0-445B-8F2F-379228D00437}.Release|Any CPU.ActiveCfg = Release|Any CPU
		{4ED64420-4FD0-445B-8F2F-379228D00437}.Release|Any CPU.Build.0 = Release|Any CPU
		{B02A855D-B4A2-41CE-BC25-725742E69397}.Debug|Any CPU.ActiveCfg = Debug|Any CPU
		{B02A855D-B4A2-41CE-BC25-725742E69397}.Debug|Any CPU.Build.0 = Debug|Any CPU
		{B02A855D-B4A2-41CE-BC25-725742E69397}.Release|Any CPU.ActiveCfg = Release|Any CPU
		{B02A855D-B4A2-41CE-BC25-725742E69397}.Release|Any CPU.Build.0 = Release|Any CPU
		{54333E60-D17E-4B40-9870-10836753BA1D}.Debug|Any CPU.ActiveCfg = Debug|Any CPU
		{54333E60-D17E-4B40-9870-10836753BA1D}.Debug|Any CPU.Build.0 = Debug|Any CPU
		{54333E60-D17E-4B40-9870-10836753BA1D}.Release|Any CPU.ActiveCfg = Release|Any CPU
		{54333E60-D17E-4B40-9870-10836753BA1D}.Release|Any CPU.Build.0 = Release|Any CPU
		{05D01065-1A18-408F-B87A-643F23C86591}.Debug|Any CPU.ActiveCfg = Debug|Any CPU
		{05D01065-1A18-408F-B87A-643F23C86591}.Debug|Any CPU.Build.0 = Debug|Any CPU
		{05D01065-1A18-408F-B87A-643F23C86591}.Release|Any CPU.ActiveCfg = Release|Any CPU
		{05D01065-1A18-408F-B87A-643F23C86591}.Release|Any CPU.Build.0 = Release|Any CPU
	EndGlobalSection
	GlobalSection(SolutionProperties) = preSolution
		HideSolutionNode = FALSE
	EndGlobalSection
	GlobalSection(NestedProjects) = preSolution
		{4B004676-6D4B-4175-A092-291A28841A67} = {660B0591-EEF8-4AD1-A06D-BCA5902FF641}
		{506FB5F5-99A8-4504-9169-E3FDEB4FC6BD} = {660B0591-EEF8-4AD1-A06D-BCA5902FF641}
		{A8B6ADFF-739E-499C-99C0-683319D8762B} = {660B0591-EEF8-4AD1-A06D-BCA5902FF641}
		{149CD525-7868-4A93-B580-5021F5777910} = {660B0591-EEF8-4AD1-A06D-BCA5902FF641}
		{588B58B4-1A79-4FD9-B262-CA87A50ECCE2} = {660B0591-EEF8-4AD1-A06D-BCA5902FF641}
		{EFE4835B-24D9-4D5F-A4E1-CC7E54797A60} = {660B0591-EEF8-4AD1-A06D-BCA5902FF641}
		{2B820141-E459-4A87-B26D-6EA770851F77} = {660B0591-EEF8-4AD1-A06D-BCA5902FF641}
		{F0AEB8C9-DF19-415E-BEDC-753D706DECD0} = {660B0591-EEF8-4AD1-A06D-BCA5902FF641}
		{F59BB008-82CE-45E7-BFDA-A85243271C95} = {660B0591-EEF8-4AD1-A06D-BCA5902FF641}
		{CFA9A5BC-BC68-4B07-95CC-504170FB6924} = {660B0591-EEF8-4AD1-A06D-BCA5902FF641}
		{188C08A1-58A9-4C93-A350-24301EDC658B} = {660B0591-EEF8-4AD1-A06D-BCA5902FF641}
		{5AA5450B-2BF4-4532-82F7-892F24C5EAA1} = {660B0591-EEF8-4AD1-A06D-BCA5902FF641}
		{E4F4108E-5E90-4DFC-9936-10A234C9360D} = {660B0591-EEF8-4AD1-A06D-BCA5902FF641}
		{970CE06B-2505-4923-94C9-AA98C02B5FA3} = {660B0591-EEF8-4AD1-A06D-BCA5902FF641}
		{135CFE5B-F377-49D1-AB8D-E005F92AF852} = {660B0591-EEF8-4AD1-A06D-BCA5902FF641}
		{45871B6D-1D81-4925-8EA1-82E157759CCF} = {660B0591-EEF8-4AD1-A06D-BCA5902FF641}
		{69ECFA78-8592-42D3-80DC-9805E33A3DCE} = {660B0591-EEF8-4AD1-A06D-BCA5902FF641}
		{9FC5E06D-2152-4E78-802E-7CDC5F3793D1} = {660B0591-EEF8-4AD1-A06D-BCA5902FF641}
		{433E2679-50BE-4267-9EDD-56FF0C09E9B2} = {DA81E029-0966-4E3C-86C9-99901C04191C}
		{5BB7A2B8-00D1-4652-AEFF-640F711F374B} = {DA81E029-0966-4E3C-86C9-99901C04191C}
		{4ED64420-4FD0-445B-8F2F-379228D00437} = {DA81E029-0966-4E3C-86C9-99901C04191C}
		{B02A855D-B4A2-41CE-BC25-725742E69397} = {DA81E029-0966-4E3C-86C9-99901C04191C}
		{54333E60-D17E-4B40-9870-10836753BA1D} = {DA81E029-0966-4E3C-86C9-99901C04191C}
		{05D01065-1A18-408F-B87A-643F23C86591} = {DA81E029-0966-4E3C-86C9-99901C04191C}
	EndGlobalSection
	GlobalSection(ExtensibilityGlobals) = postSolution
		SolutionGuid = {8EFA75ED-E100-4414-9470-BEF1D9BA0BD2}
	EndGlobalSection
EndGlobal
