
Microsoft Visual Studio Solution File, Format Version 12.00
# Visual Studio Version 16
VisualStudioVersion = 16.0.30517.126
MinimumVisualStudioVersion = 10.0.40219.1
Project("{2150E333-8FDC-42A3-9474-1A3956D46DE8}") = "1-PrimeirosPassos", "1-PrimeirosPassos", "{660B0591-EEF8-4AD1-A06D-BCA5902FF641}"
EndProject
Project("{FAE04EC0-301F-11D3-BF4B-00C04F79EFBC}") = "1-PrimeiroProjeto", "1-PrimeiroProjeto\1-PrimeiroProjeto.csproj", "{4B004676-6D4B-4175-A092-291A28841A67}"
EndProject
Project("{FAE04EC0-301F-11D3-BF4B-00C04F79EFBC}") = "2-CriandoVariáveis", "2-CriandoVariáveis\2-CriandoVariáveis.csproj", "{506FB5F5-99A8-4504-9169-E3FDEB4FC6BD}"
EndProject
Project("{FAE04EC0-301F-11D3-BF4B-00C04F79EFBC}") = "3-CriandoVariaveisPontoFlutuante", "3-CriandoVariaveisPontoFlutuante\3-CriandoVariaveisPontoFlutuante.csproj", "{A8B6ADFF-739E-499C-99C0-683319D8762B}"
EndProject
Project("{FAE04EC0-301F-11D3-BF4B-00C04F79EFBC}") = "4-ConversoesEOutrosTiposNumericos", "4-ConversoesEOutrosTiposNumericos\4-ConversoesEOutrosTiposNumericos.csproj", "{149CD525-7868-4A93-B580-5021F5777910}"
EndProject
Project("{FAE04EC0-301F-11D3-BF4B-00C04F79EFBC}") = "5-CaracteresETextos", "5-CaracteresETextos\5-CaracteresETextos.csproj", "{588B58B4-1A79-4FD9-B262-CA87A50ECCE2}"
EndProject
Project("{FAE04EC0-301F-11D3-BF4B-00C04F79EFBC}") = "6-AtribuicoesDeVariaveis", "6-AtribuicoesDeVariaveis\6-AtribuicoesDeVariaveis.csproj", "{EFE4835B-24D9-4D5F-A4E1-CC7E54797A60}"
EndProject
Project("{FAE04EC0-301F-11D3-BF4B-00C04F79EFBC}") = "7-Condicionais", "7-Condicionais\7-Condicionais.csproj", "{2B820141-E459-4A87-B26D-6EA770851F77}"
EndProject
Project("{FAE04EC0-301F-11D3-BF4B-00C04F79EFBC}") = "8-Condicionais2", "8-Condicionais2\8-Condicionais2.csproj", "{F0AEB8C9-DF19-415E-BEDC-753D706DECD0}"
EndProject
Project("{FAE04EC0-301F-11D3-BF4B-00C04F79EFBC}") = "9-Escopo", "9-Escopo\9-Escopo.csproj", "{F59BB008-82CE-45E7-BFDA-A85243271C95}"
EndProject
Project("{FAE04EC0-301F-11D3-BF4B-00C04F79EFBC}") = "AliquotaComIfs", "AliquotaComIfs\AliquotaComIfs.csproj", "{CFA9A5BC-BC68-4B07-95CC-504170FB6924}"
EndProject
Global
	GlobalSection(SolutionConfigurationPlatforms) = preSolution
		Debug|Any CPU = Debug|Any CPU
		Release|Any CPU = Release|Any CPU
	EndGlobalSection
	GlobalSection(ProjectConfigurationPlatforms) = postSolution
		{4B004676-6D4B-4175-A092-291A28841A67}.Debug|Any CPU.ActiveCfg = Debug|Any CPU
		{4B004676-6D4B-4175-A092-291A28841A67}.Debug|Any CPU.Build.0 = Debug|Any CPU
		{4B004676-6D4B-4175-A092-291A28841A67}.Release|Any CPU.ActiveCfg = Release|Any CPU
		{4B004676-6D4B-4175-A092-291A28841A67}.Release|Any CPU.Build.0 = Release|Any CPU
		{506FB5F5-99A8-4504-9169-E3FDEB4FC6BD}.Debug|Any CPU.ActiveCfg = Debug|Any CPU
		{506FB5F5-99A8-4504-9169-E3FDEB4FC6BD}.Debug|Any CPU.Build.0 = Debug|Any CPU
		{506FB5F5-99A8-4504-9169-E3FDEB4FC6BD}.Release|Any CPU.ActiveCfg = Release|Any CPU
		{506FB5F5-99A8-4504-9169-E3FDEB4FC6BD}.Release|Any CPU.Build.0 = Release|Any CPU
		{A8B6ADFF-739E-499C-99C0-683319D8762B}.Debug|Any CPU.ActiveCfg = Debug|Any CPU
		{A8B6ADFF-739E-499C-99C0-683319D8762B}.Debug|Any CPU.Build.0 = Debug|Any CPU
		{A8B6ADFF-739E-499C-99C0-683319D8762B}.Release|Any CPU.ActiveCfg = Release|Any CPU
		{A8B6ADFF-739E-499C-99C0-683319D8762B}.Release|Any CPU.Build.0 = Release|Any CPU
		{149CD525-7868-4A93-B580-5021F5777910}.Debug|Any CPU.ActiveCfg = Debug|Any CPU
		{149CD525-7868-4A93-B580-5021F5777910}.Debug|Any CPU.Build.0 = Debug|Any CPU
		{149CD525-7868-4A93-B580-5021F5777910}.Release|Any CPU.ActiveCfg = Release|Any CPU
		{149CD525-7868-4A93-B580-5021F5777910}.Release|Any CPU.Build.0 = Release|Any CPU
		{588B58B4-1A79-4FD9-B262-CA87A50ECCE2}.Debug|Any CPU.ActiveCfg = Debug|Any CPU
		{588B58B4-1A79-4FD9-B262-CA87A50ECCE2}.Debug|Any CPU.Build.0 = Debug|Any CPU
		{588B58B4-1A79-4FD9-B262-CA87A50ECCE2}.Release|Any CPU.ActiveCfg = Release|Any CPU
		{588B58B4-1A79-4FD9-B262-CA87A50ECCE2}.Release|Any CPU.Build.0 = Release|Any CPU
		{EFE4835B-24D9-4D5F-A4E1-CC7E54797A60}.Debug|Any CPU.ActiveCfg = Debug|Any CPU
		{EFE4835B-24D9-4D5F-A4E1-CC7E54797A60}.Debug|Any CPU.Build.0 = Debug|Any CPU
		{EFE4835B-24D9-4D5F-A4E1-CC7E54797A60}.Release|Any CPU.ActiveCfg = Release|Any CPU
		{EFE4835B-24D9-4D5F-A4E1-CC7E54797A60}.Release|Any CPU.Build.0 = Release|Any CPU
		{2B820141-E459-4A87-B26D-6EA770851F77}.Debug|Any CPU.ActiveCfg = Debug|Any CPU
		{2B820141-E459-4A87-B26D-6EA770851F77}.Debug|Any CPU.Build.0 = Debug|Any CPU
		{2B820141-E459-4A87-B26D-6EA770851F77}.Release|Any CPU.ActiveCfg = Release|Any CPU
		{2B820141-E459-4A87-B26D-6EA770851F77}.Release|Any CPU.Build.0 = Release|Any CPU
		{F0AEB8C9-DF19-415E-BEDC-753D706DECD0}.Debug|Any CPU.ActiveCfg = Debug|Any CPU
		{F0AEB8C9-DF19-415E-BEDC-753D706DECD0}.Debug|Any CPU.Build.0 = Debug|Any CPU
		{F0AEB8C9-DF19-415E-BEDC-753D706DECD0}.Release|Any CPU.ActiveCfg = Release|Any CPU
		{F0AEB8C9-DF19-415E-BEDC-753D706DECD0}.Release|Any CPU.Build.0 = Release|Any CPU
		{F59BB008-82CE-45E7-BFDA-A85243271C95}.Debug|Any CPU.ActiveCfg = Debug|Any CPU
		{F59BB008-82CE-45E7-BFDA-A85243271C95}.Debug|Any CPU.Build.0 = Debug|Any CPU
		{F59BB008-82CE-45E7-BFDA-A85243271C95}.Release|Any CPU.ActiveCfg = Release|Any CPU
		{F59BB008-82CE-45E7-BFDA-A85243271C95}.Release|Any CPU.Build.0 = Release|Any CPU
		{CFA9A5BC-BC68-4B07-95CC-504170FB6924}.Debug|Any CPU.ActiveCfg = Debug|Any CPU
		{CFA9A5BC-BC68-4B07-95CC-504170FB6924}.Debug|Any CPU.Build.0 = Debug|Any CPU
		{CFA9A5BC-BC68-4B07-95CC-504170FB6924}.Release|Any CPU.ActiveCfg = Release|Any CPU
		{CFA9A5BC-BC68-4B07-95CC-504170FB6924}.Release|Any CPU.Build.0 = Release|Any CPU
	EndGlobalSection
	GlobalSection(SolutionProperties) = preSolution
		HideSolutionNode = FALSE
	EndGlobalSection
	GlobalSection(NestedProjects) = preSolution
		{4B004676-6D4B-4175-A092-291A28841A67} = {660B0591-EEF8-4AD1-A06D-BCA5902FF641}
		{506FB5F5-99A8-4504-9169-E3FDEB4FC6BD} = {660B0591-EEF8-4AD1-A06D-BCA5902FF641}
		{A8B6ADFF-739E-499C-99C0-683319D8762B} = {660B0591-EEF8-4AD1-A06D-BCA5902FF641}
		{149CD525-7868-4A93-B580-5021F5777910} = {660B0591-EEF8-4AD1-A06D-BCA5902FF641}
		{588B58B4-1A79-4FD9-B262-CA87A50ECCE2} = {660B0591-EEF8-4AD1-A06D-BCA5902FF641}
		{EFE4835B-24D9-4D5F-A4E1-CC7E54797A60} = {660B0591-EEF8-4AD1-A06D-BCA5902FF641}
		{2B820141-E459-4A87-B26D-6EA770851F77} = {660B0591-EEF8-4AD1-A06D-BCA5902FF641}
		{F0AEB8C9-DF19-415E-BEDC-753D706DECD0} = {660B0591-EEF8-4AD1-A06D-BCA5902FF641}
		{F59BB008-82CE-45E7-BFDA-A85243271C95} = {660B0591-EEF8-4AD1-A06D-BCA5902FF641}
		{CFA9A5BC-BC68-4B07-95CC-504170FB6924} = {660B0591-EEF8-4AD1-A06D-BCA5902FF641}
	EndGlobalSection
	GlobalSection(ExtensibilityGlobals) = postSolution
		SolutionGuid = {8EFA75ED-E100-4414-9470-BEF1D9BA0BD2}
	EndGlobalSection
EndGlobal
