
Microsoft Visual Studio Solution File, Format Version 12.00
# Visual Studio Version 16
VisualStudioVersion = 16.0.30517.126
MinimumVisualStudioVersion = 10.0.40219.1
Project("{2150E333-8FDC-42A3-9474-1A3956D46DE8}") = "1-PrimeirosPassos", "1-PrimeirosPassos", "{660B0591-EEF8-4AD1-A06D-BCA5902FF641}"
EndProject
Project("{FAE04EC0-301F-11D3-BF4B-00C04F79EFBC}") = "1-PrimeiroProjeto", "1-PrimeiroProjeto\1-PrimeiroProjeto.csproj", "{4B004676-6D4B-4175-A092-291A28841A67}"
EndProject
Global
	GlobalSection(SolutionConfigurationPlatforms) = preSolution
		Debug|Any CPU = Debug|Any CPU
		Release|Any CPU = Release|Any CPU
	EndGlobalSection
	GlobalSection(ProjectConfigurationPlatforms) = postSolution
		{4B004676-6D4B-4175-A092-291A28841A67}.Debug|Any CPU.ActiveCfg = Debug|Any CPU
		{4B004676-6D4B-4175-A092-291A28841A67}.Debug|Any CPU.Build.0 = Debug|Any CPU
		{4B004676-6D4B-4175-A092-291A28841A67}.Release|Any CPU.ActiveCfg = Release|Any CPU
		{4B004676-6D4B-4175-A092-291A28841A67}.Release|Any CPU.Build.0 = Release|Any CPU
	EndGlobalSection
	GlobalSection(SolutionProperties) = preSolution
		HideSolutionNode = FALSE
	EndGlobalSection
	GlobalSection(NestedProjects) = preSolution
		{4B004676-6D4B-4175-A092-291A28841A67} = {660B0591-EEF8-4AD1-A06D-BCA5902FF641}
	EndGlobalSection
	GlobalSection(ExtensibilityGlobals) = postSolution
		SolutionGuid = {8EFA75ED-E100-4414-9470-BEF1D9BA0BD2}
	EndGlobalSection
EndGlobal
